
Microsoft Visual Studio Solution File, Format Version 12.00
# Visual Studio Version 17
VisualStudioVersion = 17.4.33205.214
MinimumVisualStudioVersion = 10.0.40219.1
Project("{2150E333-8FDC-42A3-9474-1A3956D46DE8}") = "src", "src", "{2562889A-4911-4FDA-BA19-0D6CBB1DD6EC}"
EndProject
Project("{2150E333-8FDC-42A3-9474-1A3956D46DE8}") = "Api", "Api", "{DB9BBD68-8729-425A-AA93-C2C272E64D2A}"
EndProject
Project("{2150E333-8FDC-42A3-9474-1A3956D46DE8}") = "Clients", "Clients", "{EA9DBA64-4E55-40AC-B9A9-947E3881F09F}"
EndProject
Project("{2150E333-8FDC-42A3-9474-1A3956D46DE8}") = "Common", "Common", "{F8C6505E-0000-464B-98FF-519C85C05BE4}"
EndProject
Project("{2150E333-8FDC-42A3-9474-1A3956D46DE8}") = "Core", "Core", "{F8A64573-0A6C-4DBE-B36E-E4E88E520851}"
EndProject
Project("{2150E333-8FDC-42A3-9474-1A3956D46DE8}") = "Infrastructure", "Infrastructure", "{83824584-C74D-4ABA-A007-A8289EF7A595}"
EndProject
Project("{2150E333-8FDC-42A3-9474-1A3956D46DE8}") = "WebApi", "WebApi", "{A58EEB84-B5E9-4E02-BD20-D2B5DB3ECD56}"
EndProject
Project("{2150E333-8FDC-42A3-9474-1A3956D46DE8}") = "BlazorWeb", "BlazorWeb", "{29D91478-48B2-4FD1-B3A3-1E4FF781EEED}"
EndProject
Project("{2150E333-8FDC-42A3-9474-1A3956D46DE8}") = "Projections", "Projections", "{F7900CD4-368C-496F-A196-C91B526600BE}"
EndProject
Project("{FAE04EC0-301F-11D3-BF4B-00C04F79EFBC}") = "Dictionary.Common", "src\Common\Dictionary.Common\Dictionary.Common.csproj", "{81560CCC-9AFF-47E2-8D36-6773C1EAF377}"
EndProject
Project("{FAE04EC0-301F-11D3-BF4B-00C04F79EFBC}") = "Dictionary.Api.Domain", "src\Api\Core\Dictionary.Api.Domain\Dictionary.Api.Domain.csproj", "{0C5A1B8B-D9D5-4367-8818-996813D91018}"
EndProject
Project("{FAE04EC0-301F-11D3-BF4B-00C04F79EFBC}") = "Dictionary.Api.Application", "src\Api\Core\Dictionary.Api.Application\Dictionary.Api.Application.csproj", "{47C144B7-14B1-46DA-B227-11BCAE688CAD}"
EndProject
Project("{FAE04EC0-301F-11D3-BF4B-00C04F79EFBC}") = "Dictionary.Infrastructure.Persistence", "src\Api\Infrastructure\Dictionary.Infrastructure.Persistence\Dictionary.Infrastructure.Persistence.csproj", "{7E0F4657-7A58-401D-8C50-FF54CC6E8D61}"
EndProject
Project("{FAE04EC0-301F-11D3-BF4B-00C04F79EFBC}") = "Dictionary.Projections.FavoriteService", "src\Projections\Dictionary.Projections.FavoriteService\Dictionary.Projections.FavoriteService.csproj", "{2423B182-B4CB-46FD-90B2-C61068705A48}"
EndProject
Project("{FAE04EC0-301F-11D3-BF4B-00C04F79EFBC}") = "Dictionary.Projections.UserService", "src\Projections\Dictionary.Projections.User\Dictionary.Projections.UserService.csproj", "{EE7E18B9-4387-44F2-A9D3-CD74E59E5776}"
EndProject
Project("{FAE04EC0-301F-11D3-BF4B-00C04F79EFBC}") = "Dictionary.Projections.VoteService", "src\Projections\Dictionary.Projections.VoteService\Dictionary.Projections.VoteService.csproj", "{06E0B688-75B3-4373-9375-474896E30BC0}"
EndProject
Project("{FAE04EC0-301F-11D3-BF4B-00C04F79EFBC}") = "Dictionary.WebApi", "src\Api\WebApi\Dictionary.WebApi\Dictionary.WebApi.csproj", "{4B90D768-14EC-4279-8139-520D9898A41A}"
EndProject
Project("{FAE04EC0-301F-11D3-BF4B-00C04F79EFBC}") = "Dictionary.WebApp", "src\Clients\BlazorWeb\Dictionary.WebApp\Dictionary.WebApp.csproj", "{D5C3E51E-C83D-4EC7-97C4-F15868ED2FD7}"
EndProject
Global
	GlobalSection(SolutionConfigurationPlatforms) = preSolution
		Debug|Any CPU = Debug|Any CPU
		Release|Any CPU = Release|Any CPU
	EndGlobalSection
	GlobalSection(ProjectConfigurationPlatforms) = postSolution
		{81560CCC-9AFF-47E2-8D36-6773C1EAF377}.Debug|Any CPU.ActiveCfg = Debug|Any CPU
		{81560CCC-9AFF-47E2-8D36-6773C1EAF377}.Debug|Any CPU.Build.0 = Debug|Any CPU
		{81560CCC-9AFF-47E2-8D36-6773C1EAF377}.Release|Any CPU.ActiveCfg = Release|Any CPU
		{81560CCC-9AFF-47E2-8D36-6773C1EAF377}.Release|Any CPU.Build.0 = Release|Any CPU
		{0C5A1B8B-D9D5-4367-8818-996813D91018}.Debug|Any CPU.ActiveCfg = Debug|Any CPU
		{0C5A1B8B-D9D5-4367-8818-996813D91018}.Debug|Any CPU.Build.0 = Debug|Any CPU
		{0C5A1B8B-D9D5-4367-8818-996813D91018}.Release|Any CPU.ActiveCfg = Release|Any CPU
		{0C5A1B8B-D9D5-4367-8818-996813D91018}.Release|Any CPU.Build.0 = Release|Any CPU
		{47C144B7-14B1-46DA-B227-11BCAE688CAD}.Debug|Any CPU.ActiveCfg = Debug|Any CPU
		{47C144B7-14B1-46DA-B227-11BCAE688CAD}.Debug|Any CPU.Build.0 = Debug|Any CPU
		{47C144B7-14B1-46DA-B227-11BCAE688CAD}.Release|Any CPU.ActiveCfg = Release|Any CPU
		{47C144B7-14B1-46DA-B227-11BCAE688CAD}.Release|Any CPU.Build.0 = Release|Any CPU
		{7E0F4657-7A58-401D-8C50-FF54CC6E8D61}.Debug|Any CPU.ActiveCfg = Debug|Any CPU
		{7E0F4657-7A58-401D-8C50-FF54CC6E8D61}.Debug|Any CPU.Build.0 = Debug|Any CPU
		{7E0F4657-7A58-401D-8C50-FF54CC6E8D61}.Release|Any CPU.ActiveCfg = Release|Any CPU
		{7E0F4657-7A58-401D-8C50-FF54CC6E8D61}.Release|Any CPU.Build.0 = Release|Any CPU
		{2423B182-B4CB-46FD-90B2-C61068705A48}.Debug|Any CPU.ActiveCfg = Debug|Any CPU
		{2423B182-B4CB-46FD-90B2-C61068705A48}.Debug|Any CPU.Build.0 = Debug|Any CPU
		{2423B182-B4CB-46FD-90B2-C61068705A48}.Release|Any CPU.ActiveCfg = Release|Any CPU
		{2423B182-B4CB-46FD-90B2-C61068705A48}.Release|Any CPU.Build.0 = Release|Any CPU
		{EE7E18B9-4387-44F2-A9D3-CD74E59E5776}.Debug|Any CPU.ActiveCfg = Debug|Any CPU
		{EE7E18B9-4387-44F2-A9D3-CD74E59E5776}.Debug|Any CPU.Build.0 = Debug|Any CPU
		{EE7E18B9-4387-44F2-A9D3-CD74E59E5776}.Release|Any CPU.ActiveCfg = Release|Any CPU
		{EE7E18B9-4387-44F2-A9D3-CD74E59E5776}.Release|Any CPU.Build.0 = Release|Any CPU
		{06E0B688-75B3-4373-9375-474896E30BC0}.Debug|Any CPU.ActiveCfg = Debug|Any CPU
		{06E0B688-75B3-4373-9375-474896E30BC0}.Debug|Any CPU.Build.0 = Debug|Any CPU
		{06E0B688-75B3-4373-9375-474896E30BC0}.Release|Any CPU.ActiveCfg = Release|Any CPU
		{06E0B688-75B3-4373-9375-474896E30BC0}.Release|Any CPU.Build.0 = Release|Any CPU
		{4B90D768-14EC-4279-8139-520D9898A41A}.Debug|Any CPU.ActiveCfg = Debug|Any CPU
		{4B90D768-14EC-4279-8139-520D9898A41A}.Debug|Any CPU.Build.0 = Debug|Any CPU
		{4B90D768-14EC-4279-8139-520D9898A41A}.Release|Any CPU.ActiveCfg = Release|Any CPU
		{4B90D768-14EC-4279-8139-520D9898A41A}.Release|Any CPU.Build.0 = Release|Any CPU
		{D5C3E51E-C83D-4EC7-97C4-F15868ED2FD7}.Debug|Any CPU.ActiveCfg = Debug|Any CPU
		{D5C3E51E-C83D-4EC7-97C4-F15868ED2FD7}.Debug|Any CPU.Build.0 = Debug|Any CPU
		{D5C3E51E-C83D-4EC7-97C4-F15868ED2FD7}.Release|Any CPU.ActiveCfg = Release|Any CPU
		{D5C3E51E-C83D-4EC7-97C4-F15868ED2FD7}.Release|Any CPU.Build.0 = Release|Any CPU
	EndGlobalSection
	GlobalSection(SolutionProperties) = preSolution
		HideSolutionNode = FALSE
	EndGlobalSection
	GlobalSection(NestedProjects) = preSolution
		{DB9BBD68-8729-425A-AA93-C2C272E64D2A} = {2562889A-4911-4FDA-BA19-0D6CBB1DD6EC}
		{EA9DBA64-4E55-40AC-B9A9-947E3881F09F} = {2562889A-4911-4FDA-BA19-0D6CBB1DD6EC}
		{F8C6505E-0000-464B-98FF-519C85C05BE4} = {2562889A-4911-4FDA-BA19-0D6CBB1DD6EC}
		{F8A64573-0A6C-4DBE-B36E-E4E88E520851} = {DB9BBD68-8729-425A-AA93-C2C272E64D2A}
		{83824584-C74D-4ABA-A007-A8289EF7A595} = {DB9BBD68-8729-425A-AA93-C2C272E64D2A}
		{A58EEB84-B5E9-4E02-BD20-D2B5DB3ECD56} = {DB9BBD68-8729-425A-AA93-C2C272E64D2A}
		{29D91478-48B2-4FD1-B3A3-1E4FF781EEED} = {EA9DBA64-4E55-40AC-B9A9-947E3881F09F}
		{F7900CD4-368C-496F-A196-C91B526600BE} = {2562889A-4911-4FDA-BA19-0D6CBB1DD6EC}
		{81560CCC-9AFF-47E2-8D36-6773C1EAF377} = {F8C6505E-0000-464B-98FF-519C85C05BE4}
		{0C5A1B8B-D9D5-4367-8818-996813D91018} = {F8A64573-0A6C-4DBE-B36E-E4E88E520851}
		{47C144B7-14B1-46DA-B227-11BCAE688CAD} = {F8A64573-0A6C-4DBE-B36E-E4E88E520851}
		{7E0F4657-7A58-401D-8C50-FF54CC6E8D61} = {83824584-C74D-4ABA-A007-A8289EF7A595}
		{2423B182-B4CB-46FD-90B2-C61068705A48} = {F7900CD4-368C-496F-A196-C91B526600BE}
		{EE7E18B9-4387-44F2-A9D3-CD74E59E5776} = {F7900CD4-368C-496F-A196-C91B526600BE}
		{06E0B688-75B3-4373-9375-474896E30BC0} = {F7900CD4-368C-496F-A196-C91B526600BE}
		{4B90D768-14EC-4279-8139-520D9898A41A} = {A58EEB84-B5E9-4E02-BD20-D2B5DB3ECD56}
		{D5C3E51E-C83D-4EC7-97C4-F15868ED2FD7} = {29D91478-48B2-4FD1-B3A3-1E4FF781EEED}
	EndGlobalSection
	GlobalSection(ExtensibilityGlobals) = postSolution
		SolutionGuid = {61EA387A-FE33-4CE9-93F1-A8C2A384694A}
	EndGlobalSection
EndGlobal
